// !$*UTF8*$!
{
	archiveVersion = 1;
	classes = {
	};
	objectVersion = 50;
	objects = {

/* Begin PBXBuildFile section */
		D73274F7258A3A0F001B07AB /* ConnectModuleAssembly.swift in Sources */ = {isa = PBXBuildFile; fileRef = D73274F6258A3A0F001B07AB /* ConnectModuleAssembly.swift */; };
		D73274FB258A3A21001B07AB /* ConnectViewController.swift in Sources */ = {isa = PBXBuildFile; fileRef = D73274FA258A3A21001B07AB /* ConnectViewController.swift */; };
		D73274FE258A3A2F001B07AB /* ConnectPresenter.swift in Sources */ = {isa = PBXBuildFile; fileRef = D73274FD258A3A2F001B07AB /* ConnectPresenter.swift */; };
		D7327501258A3A3C001B07AB /* ConnectRouter.swift in Sources */ = {isa = PBXBuildFile; fileRef = D7327500258A3A3C001B07AB /* ConnectRouter.swift */; };
		D7327504258A3A53001B07AB /* ConnectInteractor.swift in Sources */ = {isa = PBXBuildFile; fileRef = D7327503258A3A53001B07AB /* ConnectInteractor.swift */; };
		D7327517258A3BC0001B07AB /* ConnectViewInput.swift in Sources */ = {isa = PBXBuildFile; fileRef = D7327516258A3BC0001B07AB /* ConnectViewInput.swift */; };
		D732751A258A3C16001B07AB /* ConnectViewOutput.swift in Sources */ = {isa = PBXBuildFile; fileRef = D7327519258A3C16001B07AB /* ConnectViewOutput.swift */; };
		D732751D258A3CDD001B07AB /* ConnectRouterInput.swift in Sources */ = {isa = PBXBuildFile; fileRef = D732751C258A3CDD001B07AB /* ConnectRouterInput.swift */; };
		D7327520258A3D6F001B07AB /* ConnectInteractorInput.swift in Sources */ = {isa = PBXBuildFile; fileRef = D732751F258A3D6F001B07AB /* ConnectInteractorInput.swift */; };
		D7327523258A3E6A001B07AB /* ConnectInteractorOutput.swift in Sources */ = {isa = PBXBuildFile; fileRef = D7327522258A3E6A001B07AB /* ConnectInteractorOutput.swift */; };
		D7327527258A4123001B07AB /* ConnectButtonView.swift in Sources */ = {isa = PBXBuildFile; fileRef = D7327526258A4123001B07AB /* ConnectButtonView.swift */; };
		D7327530258A5036001B07AB /* ConnectButtonViewState.swift in Sources */ = {isa = PBXBuildFile; fileRef = D732752F258A5036001B07AB /* ConnectButtonViewState.swift */; };
		D7327538258A618D001B07AB /* CountrySelectionViewController.swift in Sources */ = {isa = PBXBuildFile; fileRef = D7327537258A618D001B07AB /* CountrySelectionViewController.swift */; };
		D732753C258A61CE001B07AB /* CountrySelectionViewInput.swift in Sources */ = {isa = PBXBuildFile; fileRef = D732753B258A61CE001B07AB /* CountrySelectionViewInput.swift */; };
		D732753F258A6202001B07AB /* CountrySelectionViewOutput.swift in Sources */ = {isa = PBXBuildFile; fileRef = D732753E258A6202001B07AB /* CountrySelectionViewOutput.swift */; };
		D7327543258A62AB001B07AB /* CountrySelectionPresenter.swift in Sources */ = {isa = PBXBuildFile; fileRef = D7327542258A62AB001B07AB /* CountrySelectionPresenter.swift */; };
		D7327549258A62E0001B07AB /* CountrySelectionInteractorInput.swift in Sources */ = {isa = PBXBuildFile; fileRef = D7327548258A62E0001B07AB /* CountrySelectionInteractorInput.swift */; };
		D732754C258A6307001B07AB /* CountrySelectionInteractorOutput.swift in Sources */ = {isa = PBXBuildFile; fileRef = D732754B258A6307001B07AB /* CountrySelectionInteractorOutput.swift */; };
		D732754F258A6333001B07AB /* CountrySelectionInteractor.swift in Sources */ = {isa = PBXBuildFile; fileRef = D732754E258A6333001B07AB /* CountrySelectionInteractor.swift */; };
		D7327553258A6395001B07AB /* CountrySelectionRouterInput.swift in Sources */ = {isa = PBXBuildFile; fileRef = D7327552258A6395001B07AB /* CountrySelectionRouterInput.swift */; };
		D7327557258A63C1001B07AB /* CountrySelectionRouter.swift in Sources */ = {isa = PBXBuildFile; fileRef = D7327556258A63C1001B07AB /* CountrySelectionRouter.swift */; };
		D732755B258A6429001B07AB /* CountrySelectionModuleAssembly.swift in Sources */ = {isa = PBXBuildFile; fileRef = D732755A258A6429001B07AB /* CountrySelectionModuleAssembly.swift */; };
		D732755F258A6454001B07AB /* CountrySelectionModuleOutput.swift in Sources */ = {isa = PBXBuildFile; fileRef = D732755E258A6454001B07AB /* CountrySelectionModuleOutput.swift */; };
		D7327562258A65AF001B07AB /* CountrySelectionConfigData.swift in Sources */ = {isa = PBXBuildFile; fileRef = D7327561258A65AF001B07AB /* CountrySelectionConfigData.swift */; };
		D7327565258A65D6001B07AB /* CountrySelectionModuleInput.swift in Sources */ = {isa = PBXBuildFile; fileRef = D7327564258A65D6001B07AB /* CountrySelectionModuleInput.swift */; };
		D7327569258A69D9001B07AB /* CountrySelectionTableViewManager.swift in Sources */ = {isa = PBXBuildFile; fileRef = D7327568258A69D9001B07AB /* CountrySelectionTableViewManager.swift */; };
		D732756D258A6AE4001B07AB /* Country.swift in Sources */ = {isa = PBXBuildFile; fileRef = D732756C258A6AE4001B07AB /* Country.swift */; };
		D7327570258A6C64001B07AB /* CountryItemView.swift in Sources */ = {isa = PBXBuildFile; fileRef = D732756F258A6C64001B07AB /* CountryItemView.swift */; };
		D7327575258A6E83001B07AB /* CountryItemViewAdapter.swift in Sources */ = {isa = PBXBuildFile; fileRef = D7327574258A6E83001B07AB /* CountryItemViewAdapter.swift */; };
		D7FBCF5F258A300900164564 /* AppDelegate.swift in Sources */ = {isa = PBXBuildFile; fileRef = D7FBCF5E258A300900164564 /* AppDelegate.swift */; };
		D7FBCF63258A300900164564 /* ViewController.swift in Sources */ = {isa = PBXBuildFile; fileRef = D7FBCF62258A300900164564 /* ViewController.swift */; };
		D7FBCF68258A300C00164564 /* Assets.xcassets in Resources */ = {isa = PBXBuildFile; fileRef = D7FBCF67258A300C00164564 /* Assets.xcassets */; };
		D7FBCF6B258A300C00164564 /* LaunchScreen.storyboard in Resources */ = {isa = PBXBuildFile; fileRef = D7FBCF69258A300C00164564 /* LaunchScreen.storyboard */; };
/* End PBXBuildFile section */

/* Begin PBXFileReference section */
		D73274F6258A3A0F001B07AB /* ConnectModuleAssembly.swift */ = {isa = PBXFileReference; lastKnownFileType = sourcecode.swift; path = ConnectModuleAssembly.swift; sourceTree = "<group>"; };
		D73274FA258A3A21001B07AB /* ConnectViewController.swift */ = {isa = PBXFileReference; lastKnownFileType = sourcecode.swift; path = ConnectViewController.swift; sourceTree = "<group>"; };
		D73274FD258A3A2F001B07AB /* ConnectPresenter.swift */ = {isa = PBXFileReference; lastKnownFileType = sourcecode.swift; path = ConnectPresenter.swift; sourceTree = "<group>"; };
		D7327500258A3A3C001B07AB /* ConnectRouter.swift */ = {isa = PBXFileReference; lastKnownFileType = sourcecode.swift; path = ConnectRouter.swift; sourceTree = "<group>"; };
		D7327503258A3A53001B07AB /* ConnectInteractor.swift */ = {isa = PBXFileReference; lastKnownFileType = sourcecode.swift; path = ConnectInteractor.swift; sourceTree = "<group>"; };
		D7327516258A3BC0001B07AB /* ConnectViewInput.swift */ = {isa = PBXFileReference; lastKnownFileType = sourcecode.swift; path = ConnectViewInput.swift; sourceTree = "<group>"; };
		D7327519258A3C16001B07AB /* ConnectViewOutput.swift */ = {isa = PBXFileReference; lastKnownFileType = sourcecode.swift; path = ConnectViewOutput.swift; sourceTree = "<group>"; };
		D732751C258A3CDD001B07AB /* ConnectRouterInput.swift */ = {isa = PBXFileReference; lastKnownFileType = sourcecode.swift; path = ConnectRouterInput.swift; sourceTree = "<group>"; };
		D732751F258A3D6F001B07AB /* ConnectInteractorInput.swift */ = {isa = PBXFileReference; lastKnownFileType = sourcecode.swift; path = ConnectInteractorInput.swift; sourceTree = "<group>"; };
		D7327522258A3E6A001B07AB /* ConnectInteractorOutput.swift */ = {isa = PBXFileReference; lastKnownFileType = sourcecode.swift; path = ConnectInteractorOutput.swift; sourceTree = "<group>"; };
		D7327526258A4123001B07AB /* ConnectButtonView.swift */ = {isa = PBXFileReference; lastKnownFileType = sourcecode.swift; path = ConnectButtonView.swift; sourceTree = "<group>"; };
		D732752F258A5036001B07AB /* ConnectButtonViewState.swift */ = {isa = PBXFileReference; lastKnownFileType = sourcecode.swift; path = ConnectButtonViewState.swift; sourceTree = "<group>"; };
		D7327537258A618D001B07AB /* CountrySelectionViewController.swift */ = {isa = PBXFileReference; lastKnownFileType = sourcecode.swift; path = CountrySelectionViewController.swift; sourceTree = "<group>"; };
		D732753B258A61CE001B07AB /* CountrySelectionViewInput.swift */ = {isa = PBXFileReference; lastKnownFileType = sourcecode.swift; path = CountrySelectionViewInput.swift; sourceTree = "<group>"; };
		D732753E258A6202001B07AB /* CountrySelectionViewOutput.swift */ = {isa = PBXFileReference; lastKnownFileType = sourcecode.swift; path = CountrySelectionViewOutput.swift; sourceTree = "<group>"; };
		D7327542258A62AB001B07AB /* CountrySelectionPresenter.swift */ = {isa = PBXFileReference; lastKnownFileType = sourcecode.swift; path = CountrySelectionPresenter.swift; sourceTree = "<group>"; };
		D7327548258A62E0001B07AB /* CountrySelectionInteractorInput.swift */ = {isa = PBXFileReference; lastKnownFileType = sourcecode.swift; path = CountrySelectionInteractorInput.swift; sourceTree = "<group>"; };
		D732754B258A6307001B07AB /* CountrySelectionInteractorOutput.swift */ = {isa = PBXFileReference; lastKnownFileType = sourcecode.swift; path = CountrySelectionInteractorOutput.swift; sourceTree = "<group>"; };
		D732754E258A6333001B07AB /* CountrySelectionInteractor.swift */ = {isa = PBXFileReference; lastKnownFileType = sourcecode.swift; path = CountrySelectionInteractor.swift; sourceTree = "<group>"; };
		D7327552258A6395001B07AB /* CountrySelectionRouterInput.swift */ = {isa = PBXFileReference; lastKnownFileType = sourcecode.swift; path = CountrySelectionRouterInput.swift; sourceTree = "<group>"; };
		D7327556258A63C1001B07AB /* CountrySelectionRouter.swift */ = {isa = PBXFileReference; lastKnownFileType = sourcecode.swift; path = CountrySelectionRouter.swift; sourceTree = "<group>"; };
		D732755A258A6429001B07AB /* CountrySelectionModuleAssembly.swift */ = {isa = PBXFileReference; lastKnownFileType = sourcecode.swift; path = CountrySelectionModuleAssembly.swift; sourceTree = "<group>"; };
		D732755E258A6454001B07AB /* CountrySelectionModuleOutput.swift */ = {isa = PBXFileReference; lastKnownFileType = sourcecode.swift; path = CountrySelectionModuleOutput.swift; sourceTree = "<group>"; };
		D7327561258A65AF001B07AB /* CountrySelectionConfigData.swift */ = {isa = PBXFileReference; lastKnownFileType = sourcecode.swift; path = CountrySelectionConfigData.swift; sourceTree = "<group>"; };
		D7327564258A65D6001B07AB /* CountrySelectionModuleInput.swift */ = {isa = PBXFileReference; lastKnownFileType = sourcecode.swift; path = CountrySelectionModuleInput.swift; sourceTree = "<group>"; };
		D7327568258A69D9001B07AB /* CountrySelectionTableViewManager.swift */ = {isa = PBXFileReference; lastKnownFileType = sourcecode.swift; path = CountrySelectionTableViewManager.swift; sourceTree = "<group>"; };
		D732756C258A6AE4001B07AB /* Country.swift */ = {isa = PBXFileReference; lastKnownFileType = sourcecode.swift; path = Country.swift; sourceTree = "<group>"; };
		D732756F258A6C64001B07AB /* CountryItemView.swift */ = {isa = PBXFileReference; lastKnownFileType = sourcecode.swift; path = CountryItemView.swift; sourceTree = "<group>"; };
		D7327574258A6E83001B07AB /* CountryItemViewAdapter.swift */ = {isa = PBXFileReference; lastKnownFileType = sourcecode.swift; path = CountryItemViewAdapter.swift; sourceTree = "<group>"; };
		D7FBCF5B258A300900164564 /* web-solutions-test.app */ = {isa = PBXFileReference; explicitFileType = wrapper.application; includeInIndex = 0; path = "web-solutions-test.app"; sourceTree = BUILT_PRODUCTS_DIR; };
		D7FBCF5E258A300900164564 /* AppDelegate.swift */ = {isa = PBXFileReference; lastKnownFileType = sourcecode.swift; path = AppDelegate.swift; sourceTree = "<group>"; };
		D7FBCF62258A300900164564 /* ViewController.swift */ = {isa = PBXFileReference; lastKnownFileType = sourcecode.swift; path = ViewController.swift; sourceTree = "<group>"; };
		D7FBCF67258A300C00164564 /* Assets.xcassets */ = {isa = PBXFileReference; lastKnownFileType = folder.assetcatalog; path = Assets.xcassets; sourceTree = "<group>"; };
		D7FBCF6A258A300C00164564 /* Base */ = {isa = PBXFileReference; lastKnownFileType = file.storyboard; name = Base; path = Base.lproj/LaunchScreen.storyboard; sourceTree = "<group>"; };
		D7FBCF6C258A300C00164564 /* Info.plist */ = {isa = PBXFileReference; lastKnownFileType = text.plist.xml; path = Info.plist; sourceTree = "<group>"; };
/* End PBXFileReference section */

/* Begin PBXFrameworksBuildPhase section */
		D7FBCF58258A300900164564 /* Frameworks */ = {
			isa = PBXFrameworksBuildPhase;
			buildActionMask = 2147483647;
			files = (
			);
			runOnlyForDeploymentPostprocessing = 0;
		};
/* End PBXFrameworksBuildPhase section */

/* Begin PBXGroup section */
		D73274F5258A39C0001B07AB /* Modules */ = {
			isa = PBXGroup;
			children = (
				D7327534258A612C001B07AB /* Connect */,
				D7327535258A613F001B07AB /* CountrySelection */,
			);
			path = Modules;
			sourceTree = "<group>";
		};
		D7327507258A3A82001B07AB /* Presenter */ = {
			isa = PBXGroup;
			children = (
				D73274FD258A3A2F001B07AB /* ConnectPresenter.swift */,
			);
			path = Presenter;
			sourceTree = "<group>";
		};
		D7327508258A3A9A001B07AB /* Assembly */ = {
			isa = PBXGroup;
			children = (
				D73274F6258A3A0F001B07AB /* ConnectModuleAssembly.swift */,
			);
			path = Assembly;
			sourceTree = "<group>";
		};
		D7327509258A3AA6001B07AB /* View */ = {
			isa = PBXGroup;
			children = (
				D7327525258A4105001B07AB /* ConnectButton */,
				D73274FA258A3A21001B07AB /* ConnectViewController.swift */,
				D7327516258A3BC0001B07AB /* ConnectViewInput.swift */,
				D7327519258A3C16001B07AB /* ConnectViewOutput.swift */,
			);
			path = View;
			sourceTree = "<group>";
		};
		D732750A258A3ACA001B07AB /* Interactor */ = {
			isa = PBXGroup;
			children = (
				D7327503258A3A53001B07AB /* ConnectInteractor.swift */,
				D732751F258A3D6F001B07AB /* ConnectInteractorInput.swift */,
				D7327522258A3E6A001B07AB /* ConnectInteractorOutput.swift */,
			);
			path = Interactor;
			sourceTree = "<group>";
		};
		D732750C258A3ADB001B07AB /* Router */ = {
			isa = PBXGroup;
			children = (
				D7327500258A3A3C001B07AB /* ConnectRouter.swift */,
				D732751C258A3CDD001B07AB /* ConnectRouterInput.swift */,
			);
			path = Router;
			sourceTree = "<group>";
		};
		D7327525258A4105001B07AB /* ConnectButton */ = {
			isa = PBXGroup;
			children = (
				D732752F258A5036001B07AB /* ConnectButtonViewState.swift */,
				D7327526258A4123001B07AB /* ConnectButtonView.swift */,
			);
			path = ConnectButton;
			sourceTree = "<group>";
		};
		D732752D258A4160001B07AB /* Submodules */ = {
			isa = PBXGroup;
			children = (
			);
			path = Submodules;
			sourceTree = "<group>";
		};
		D7327534258A612C001B07AB /* Connect */ = {
			isa = PBXGroup;
			children = (
				D7327509258A3AA6001B07AB /* View */,
				D732750A258A3ACA001B07AB /* Interactor */,
				D7327507258A3A82001B07AB /* Presenter */,
				D732750C258A3ADB001B07AB /* Router */,
				D7327508258A3A9A001B07AB /* Assembly */,
				D732752D258A4160001B07AB /* Submodules */,
			);
			path = Connect;
			sourceTree = "<group>";
		};
		D7327535258A613F001B07AB /* CountrySelection */ = {
			isa = PBXGroup;
			children = (
				D7327559258A6417001B07AB /* Assembly */,
				D7327551258A6380001B07AB /* Router */,
				D7327546258A62CA001B07AB /* Interactor */,
				D7327541258A628E001B07AB /* Presenter */,
				D7327536258A6180001B07AB /* View */,
			);
			path = CountrySelection;
			sourceTree = "<group>";
		};
		D7327536258A6180001B07AB /* View */ = {
			isa = PBXGroup;
			children = (
				D7327573258A6E70001B07AB /* CountryItem */,
				D7327537258A618D001B07AB /* CountrySelectionViewController.swift */,
				D732753B258A61CE001B07AB /* CountrySelectionViewInput.swift */,
				D732753E258A6202001B07AB /* CountrySelectionViewOutput.swift */,
				D7327568258A69D9001B07AB /* CountrySelectionTableViewManager.swift */,
			);
			path = View;
			sourceTree = "<group>";
		};
		D7327541258A628E001B07AB /* Presenter */ = {
			isa = PBXGroup;
			children = (
				D7327542258A62AB001B07AB /* CountrySelectionPresenter.swift */,
			);
			path = Presenter;
			sourceTree = "<group>";
		};
		D7327546258A62CA001B07AB /* Interactor */ = {
			isa = PBXGroup;
			children = (
				D7327548258A62E0001B07AB /* CountrySelectionInteractorInput.swift */,
				D732754B258A6307001B07AB /* CountrySelectionInteractorOutput.swift */,
				D732754E258A6333001B07AB /* CountrySelectionInteractor.swift */,
			);
			path = Interactor;
			sourceTree = "<group>";
		};
		D7327551258A6380001B07AB /* Router */ = {
			isa = PBXGroup;
			children = (
				D7327552258A6395001B07AB /* CountrySelectionRouterInput.swift */,
				D7327556258A63C1001B07AB /* CountrySelectionRouter.swift */,
			);
			path = Router;
			sourceTree = "<group>";
		};
		D7327559258A6417001B07AB /* Assembly */ = {
			isa = PBXGroup;
			children = (
				D732755A258A6429001B07AB /* CountrySelectionModuleAssembly.swift */,
				D7327564258A65D6001B07AB /* CountrySelectionModuleInput.swift */,
				D732755E258A6454001B07AB /* CountrySelectionModuleOutput.swift */,
				D7327561258A65AF001B07AB /* CountrySelectionConfigData.swift */,
			);
			path = Assembly;
			sourceTree = "<group>";
		};
		D732756B258A6AD9001B07AB /* Models */ = {
			isa = PBXGroup;
			children = (
				D732756C258A6AE4001B07AB /* Country.swift */,
			);
			path = Models;
			sourceTree = "<group>";
		};
		D7327573258A6E70001B07AB /* CountryItem */ = {
			isa = PBXGroup;
			children = (
				D732756F258A6C64001B07AB /* CountryItemView.swift */,
				D7327574258A6E83001B07AB /* CountryItemViewAdapter.swift */,
			);
			path = CountryItem;
			sourceTree = "<group>";
		};
		D7FBCF52258A300900164564 = {
			isa = PBXGroup;
			children = (
				D7FBCF5D258A300900164564 /* web-solutions-test */,
				D7FBCF5C258A300900164564 /* Products */,
			);
			sourceTree = "<group>";
		};
		D7FBCF5C258A300900164564 /* Products */ = {
			isa = PBXGroup;
			children = (
				D7FBCF5B258A300900164564 /* web-solutions-test.app */,
			);
			name = Products;
			sourceTree = "<group>";
		};
		D7FBCF5D258A300900164564 /* web-solutions-test */ = {
			isa = PBXGroup;
			children = (
				D732756B258A6AD9001B07AB /* Models */,
				D73274F5258A39C0001B07AB /* Modules */,
				D7FBCF5E258A300900164564 /* AppDelegate.swift */,
				D7FBCF62258A300900164564 /* ViewController.swift */,
				D7FBCF67258A300C00164564 /* Assets.xcassets */,
				D7FBCF69258A300C00164564 /* LaunchScreen.storyboard */,
				D7FBCF6C258A300C00164564 /* Info.plist */,
			);
			path = "web-solutions-test";
			sourceTree = "<group>";
		};
/* End PBXGroup section */

/* Begin PBXNativeTarget section */
		D7FBCF5A258A300900164564 /* web-solutions-test */ = {
			isa = PBXNativeTarget;
			buildConfigurationList = D7FBCF6F258A300C00164564 /* Build configuration list for PBXNativeTarget "web-solutions-test" */;
			buildPhases = (
				D7FBCF57258A300900164564 /* Sources */,
				D7FBCF58258A300900164564 /* Frameworks */,
				D7FBCF59258A300900164564 /* Resources */,
			);
			buildRules = (
			);
			dependencies = (
			);
			name = "web-solutions-test";
			productName = "web-solutions-test";
			productReference = D7FBCF5B258A300900164564 /* web-solutions-test.app */;
			productType = "com.apple.product-type.application";
		};
/* End PBXNativeTarget section */

/* Begin PBXProject section */
		D7FBCF53258A300900164564 /* Project object */ = {
			isa = PBXProject;
			attributes = {
				LastSwiftUpdateCheck = 1200;
				LastUpgradeCheck = 1200;
				TargetAttributes = {
					D7FBCF5A258A300900164564 = {
						CreatedOnToolsVersion = 12.0;
					};
				};
			};
			buildConfigurationList = D7FBCF56258A300900164564 /* Build configuration list for PBXProject "web-solutions-test" */;
			compatibilityVersion = "Xcode 9.3";
			developmentRegion = en;
			hasScannedForEncodings = 0;
			knownRegions = (
				en,
				Base,
			);
			mainGroup = D7FBCF52258A300900164564;
			productRefGroup = D7FBCF5C258A300900164564 /* Products */;
			projectDirPath = "";
			projectRoot = "";
			targets = (
				D7FBCF5A258A300900164564 /* web-solutions-test */,
			);
		};
/* End PBXProject section */

/* Begin PBXResourcesBuildPhase section */
		D7FBCF59258A300900164564 /* Resources */ = {
			isa = PBXResourcesBuildPhase;
			buildActionMask = 2147483647;
			files = (
				D7FBCF6B258A300C00164564 /* LaunchScreen.storyboard in Resources */,
				D7FBCF68258A300C00164564 /* Assets.xcassets in Resources */,
			);
			runOnlyForDeploymentPostprocessing = 0;
		};
/* End PBXResourcesBuildPhase section */

/* Begin PBXSourcesBuildPhase section */
		D7FBCF57258A300900164564 /* Sources */ = {
			isa = PBXSourcesBuildPhase;
			buildActionMask = 2147483647;
			files = (
				D7327543258A62AB001B07AB /* CountrySelectionPresenter.swift in Sources */,
				D7327520258A3D6F001B07AB /* ConnectInteractorInput.swift in Sources */,
				D7FBCF63258A300900164564 /* ViewController.swift in Sources */,
				D7327557258A63C1001B07AB /* CountrySelectionRouter.swift in Sources */,
				D7327562258A65AF001B07AB /* CountrySelectionConfigData.swift in Sources */,
				D7327569258A69D9001B07AB /* CountrySelectionTableViewManager.swift in Sources */,
				D7327501258A3A3C001B07AB /* ConnectRouter.swift in Sources */,
				D732751A258A3C16001B07AB /* ConnectViewOutput.swift in Sources */,
				D7327565258A65D6001B07AB /* CountrySelectionModuleInput.swift in Sources */,
				D7327549258A62E0001B07AB /* CountrySelectionInteractorInput.swift in Sources */,
				D7327527258A4123001B07AB /* ConnectButtonView.swift in Sources */,
				D73274F7258A3A0F001B07AB /* ConnectModuleAssembly.swift in Sources */,
				D7327575258A6E83001B07AB /* CountryItemViewAdapter.swift in Sources */,
				D7327570258A6C64001B07AB /* CountryItemView.swift in Sources */,
				D73274FE258A3A2F001B07AB /* ConnectPresenter.swift in Sources */,
				D7327530258A5036001B07AB /* ConnectButtonViewState.swift in Sources */,
				D7FBCF5F258A300900164564 /* AppDelegate.swift in Sources */,
				D732754C258A6307001B07AB /* CountrySelectionInteractorOutput.swift in Sources */,
				D732751D258A3CDD001B07AB /* ConnectRouterInput.swift in Sources */,
				D7327553258A6395001B07AB /* CountrySelectionRouterInput.swift in Sources */,
				D732755B258A6429001B07AB /* CountrySelectionModuleAssembly.swift in Sources */,
				D732756D258A6AE4001B07AB /* Country.swift in Sources */,
				D7327504258A3A53001B07AB /* ConnectInteractor.swift in Sources */,
				D7327538258A618D001B07AB /* CountrySelectionViewController.swift in Sources */,
				D732754F258A6333001B07AB /* CountrySelectionInteractor.swift in Sources */,
				D7327517258A3BC0001B07AB /* ConnectViewInput.swift in Sources */,
				D732755F258A6454001B07AB /* CountrySelectionModuleOutput.swift in Sources */,
				D732753F258A6202001B07AB /* CountrySelectionViewOutput.swift in Sources */,
				D7327523258A3E6A001B07AB /* ConnectInteractorOutput.swift in Sources */,
				D73274FB258A3A21001B07AB /* ConnectViewController.swift in Sources */,
				D732753C258A61CE001B07AB /* CountrySelectionViewInput.swift in Sources */,
			);
			runOnlyForDeploymentPostprocessing = 0;
		};
/* End PBXSourcesBuildPhase section */

/* Begin PBXVariantGroup section */
		D7FBCF69258A300C00164564 /* LaunchScreen.storyboard */ = {
			isa = PBXVariantGroup;
			children = (
				D7FBCF6A258A300C00164564 /* Base */,
			);
			name = LaunchScreen.storyboard;
			sourceTree = "<group>";
		};
/* End PBXVariantGroup section */

/* Begin XCBuildConfiguration section */
		D7FBCF6D258A300C00164564 /* Debug */ = {
			isa = XCBuildConfiguration;
			buildSettings = {
				ALWAYS_SEARCH_USER_PATHS = NO;
				CLANG_ANALYZER_NONNULL = YES;
				CLANG_ANALYZER_NUMBER_OBJECT_CONVERSION = YES_AGGRESSIVE;
				CLANG_CXX_LANGUAGE_STANDARD = "gnu++14";
				CLANG_CXX_LIBRARY = "libc++";
				CLANG_ENABLE_MODULES = YES;
				CLANG_ENABLE_OBJC_ARC = YES;
				CLANG_ENABLE_OBJC_WEAK = YES;
				CLANG_WARN_BLOCK_CAPTURE_AUTORELEASING = YES;
				CLANG_WARN_BOOL_CONVERSION = YES;
				CLANG_WARN_COMMA = YES;
				CLANG_WARN_CONSTANT_CONVERSION = YES;
				CLANG_WARN_DEPRECATED_OBJC_IMPLEMENTATIONS = YES;
				CLANG_WARN_DIRECT_OBJC_ISA_USAGE = YES_ERROR;
				CLANG_WARN_DOCUMENTATION_COMMENTS = YES;
				CLANG_WARN_EMPTY_BODY = YES;
				CLANG_WARN_ENUM_CONVERSION = YES;
				CLANG_WARN_INFINITE_RECURSION = YES;
				CLANG_WARN_INT_CONVERSION = YES;
				CLANG_WARN_NON_LITERAL_NULL_CONVERSION = YES;
				CLANG_WARN_OBJC_IMPLICIT_RETAIN_SELF = YES;
				CLANG_WARN_OBJC_LITERAL_CONVERSION = YES;
				CLANG_WARN_OBJC_ROOT_CLASS = YES_ERROR;
				CLANG_WARN_QUOTED_INCLUDE_IN_FRAMEWORK_HEADER = YES;
				CLANG_WARN_RANGE_LOOP_ANALYSIS = YES;
				CLANG_WARN_STRICT_PROTOTYPES = YES;
				CLANG_WARN_SUSPICIOUS_MOVE = YES;
				CLANG_WARN_UNGUARDED_AVAILABILITY = YES_AGGRESSIVE;
				CLANG_WARN_UNREACHABLE_CODE = YES;
				CLANG_WARN__DUPLICATE_METHOD_MATCH = YES;
				COPY_PHASE_STRIP = NO;
				DEBUG_INFORMATION_FORMAT = dwarf;
				ENABLE_STRICT_OBJC_MSGSEND = YES;
				ENABLE_TESTABILITY = YES;
				GCC_C_LANGUAGE_STANDARD = gnu11;
				GCC_DYNAMIC_NO_PIC = NO;
				GCC_NO_COMMON_BLOCKS = YES;
				GCC_OPTIMIZATION_LEVEL = 0;
				GCC_PREPROCESSOR_DEFINITIONS = (
					"DEBUG=1",
					"$(inherited)",
				);
				GCC_WARN_64_TO_32_BIT_CONVERSION = YES;
				GCC_WARN_ABOUT_RETURN_TYPE = YES_ERROR;
				GCC_WARN_UNDECLARED_SELECTOR = YES;
				GCC_WARN_UNINITIALIZED_AUTOS = YES_AGGRESSIVE;
				GCC_WARN_UNUSED_FUNCTION = YES;
				GCC_WARN_UNUSED_VARIABLE = YES;
				IPHONEOS_DEPLOYMENT_TARGET = 14.0;
				MTL_ENABLE_DEBUG_INFO = INCLUDE_SOURCE;
				MTL_FAST_MATH = YES;
				ONLY_ACTIVE_ARCH = YES;
				SDKROOT = iphoneos;
				SWIFT_ACTIVE_COMPILATION_CONDITIONS = DEBUG;
				SWIFT_OPTIMIZATION_LEVEL = "-Onone";
			};
			name = Debug;
		};
		D7FBCF6E258A300C00164564 /* Release */ = {
			isa = XCBuildConfiguration;
			buildSettings = {
				ALWAYS_SEARCH_USER_PATHS = NO;
				CLANG_ANALYZER_NONNULL = YES;
				CLANG_ANALYZER_NUMBER_OBJECT_CONVERSION = YES_AGGRESSIVE;
				CLANG_CXX_LANGUAGE_STANDARD = "gnu++14";
				CLANG_CXX_LIBRARY = "libc++";
				CLANG_ENABLE_MODULES = YES;
				CLANG_ENABLE_OBJC_ARC = YES;
				CLANG_ENABLE_OBJC_WEAK = YES;
				CLANG_WARN_BLOCK_CAPTURE_AUTORELEASING = YES;
				CLANG_WARN_BOOL_CONVERSION = YES;
				CLANG_WARN_COMMA = YES;
				CLANG_WARN_CONSTANT_CONVERSION = YES;
				CLANG_WARN_DEPRECATED_OBJC_IMPLEMENTATIONS = YES;
				CLANG_WARN_DIRECT_OBJC_ISA_USAGE = YES_ERROR;
				CLANG_WARN_DOCUMENTATION_COMMENTS = YES;
				CLANG_WARN_EMPTY_BODY = YES;
				CLANG_WARN_ENUM_CONVERSION = YES;
				CLANG_WARN_INFINITE_RECURSION = YES;
				CLANG_WARN_INT_CONVERSION = YES;
				CLANG_WARN_NON_LITERAL_NULL_CONVERSION = YES;
				CLANG_WARN_OBJC_IMPLICIT_RETAIN_SELF = YES;
				CLANG_WARN_OBJC_LITERAL_CONVERSION = YES;
				CLANG_WARN_OBJC_ROOT_CLASS = YES_ERROR;
				CLANG_WARN_QUOTED_INCLUDE_IN_FRAMEWORK_HEADER = YES;
				CLANG_WARN_RANGE_LOOP_ANALYSIS = YES;
				CLANG_WARN_STRICT_PROTOTYPES = YES;
				CLANG_WARN_SUSPICIOUS_MOVE = YES;
				CLANG_WARN_UNGUARDED_AVAILABILITY = YES_AGGRESSIVE;
				CLANG_WARN_UNREACHABLE_CODE = YES;
				CLANG_WARN__DUPLICATE_METHOD_MATCH = YES;
				COPY_PHASE_STRIP = NO;
				DEBUG_INFORMATION_FORMAT = "dwarf-with-dsym";
				ENABLE_NS_ASSERTIONS = NO;
				ENABLE_STRICT_OBJC_MSGSEND = YES;
				GCC_C_LANGUAGE_STANDARD = gnu11;
				GCC_NO_COMMON_BLOCKS = YES;
				GCC_WARN_64_TO_32_BIT_CONVERSION = YES;
				GCC_WARN_ABOUT_RETURN_TYPE = YES_ERROR;
				GCC_WARN_UNDECLARED_SELECTOR = YES;
				GCC_WARN_UNINITIALIZED_AUTOS = YES_AGGRESSIVE;
				GCC_WARN_UNUSED_FUNCTION = YES;
				GCC_WARN_UNUSED_VARIABLE = YES;
				IPHONEOS_DEPLOYMENT_TARGET = 14.0;
				MTL_ENABLE_DEBUG_INFO = NO;
				MTL_FAST_MATH = YES;
				SDKROOT = iphoneos;
				SWIFT_COMPILATION_MODE = wholemodule;
				SWIFT_OPTIMIZATION_LEVEL = "-O";
				VALIDATE_PRODUCT = YES;
			};
			name = Release;
		};
		D7FBCF70258A300C00164564 /* Debug */ = {
			isa = XCBuildConfiguration;
			buildSettings = {
				ASSETCATALOG_COMPILER_APPICON_NAME = AppIcon;
				ASSETCATALOG_COMPILER_GLOBAL_ACCENT_COLOR_NAME = AccentColor;
				CODE_SIGN_STYLE = Automatic;
				DEVELOPMENT_TEAM = 6X8EVDXUM3;
				INFOPLIST_FILE = "web-solutions-test/Info.plist";
				LD_RUNPATH_SEARCH_PATHS = (
					"$(inherited)",
					"@executable_path/Frameworks",
				);
				PRODUCT_BUNDLE_IDENTIFIER = "me.Zhandos.web-solutions-test";
				PRODUCT_NAME = "$(TARGET_NAME)";
				SWIFT_VERSION = 5.0;
				TARGETED_DEVICE_FAMILY = 1;
			};
			name = Debug;
		};
		D7FBCF71258A300C00164564 /* Release */ = {
			isa = XCBuildConfiguration;
			buildSettings = {
				ASSETCATALOG_COMPILER_APPICON_NAME = AppIcon;
				ASSETCATALOG_COMPILER_GLOBAL_ACCENT_COLOR_NAME = AccentColor;
				CODE_SIGN_STYLE = Automatic;
				DEVELOPMENT_TEAM = 6X8EVDXUM3;
				INFOPLIST_FILE = "web-solutions-test/Info.plist";
				LD_RUNPATH_SEARCH_PATHS = (
					"$(inherited)",
					"@executable_path/Frameworks",
				);
				PRODUCT_BUNDLE_IDENTIFIER = "me.Zhandos.web-solutions-test";
				PRODUCT_NAME = "$(TARGET_NAME)";
				SWIFT_VERSION = 5.0;
				TARGETED_DEVICE_FAMILY = 1;
			};
			name = Release;
		};
/* End XCBuildConfiguration section */

/* Begin XCConfigurationList section */
		D7FBCF56258A300900164564 /* Build configuration list for PBXProject "web-solutions-test" */ = {
			isa = XCConfigurationList;
			buildConfigurations = (
				D7FBCF6D258A300C00164564 /* Debug */,
				D7FBCF6E258A300C00164564 /* Release */,
			);
			defaultConfigurationIsVisible = 0;
			defaultConfigurationName = Release;
		};
		D7FBCF6F258A300C00164564 /* Build configuration list for PBXNativeTarget "web-solutions-test" */ = {
			isa = XCConfigurationList;
			buildConfigurations = (
				D7FBCF70258A300C00164564 /* Debug */,
				D7FBCF71258A300C00164564 /* Release */,
			);
			defaultConfigurationIsVisible = 0;
			defaultConfigurationName = Release;
		};
/* End XCConfigurationList section */
	};
	rootObject = D7FBCF53258A300900164564 /* Project object */;
}
